<?xml version="1.0" encoding="utf-8"?>
<Project ToolsVersion="4.0" xmlns="http://schemas.microsoft.com/developer/msbuild/2003">
  <ItemGroup>
    <Filter Include="源文件">
      <UniqueIdentifier>{4FC737F1-C7A5-4376-A066-2A32D752A2FF}</UniqueIdentifier>
      <Extensions>cpp;c;cc;cxx;def;odl;idl;hpj;bat;asm;asmx</Extensions>
    </Filter>
    <Filter Include="头文件">
      <UniqueIdentifier>{93995380-89BD-4b04-88EB-625FBE52EBFB}</UniqueIdentifier>
      <Extensions>h;hpp;hxx;hm;inl;inc;xsd</Extensions>
    </Filter>
    <Filter Include="资源文件">
      <UniqueIdentifier>{67DA6AB6-F800-4c08-8B7A-83BB121AAD01}</UniqueIdentifier>
      <Extensions>rc;ico;cur;bmp;dlg;rc2;rct;bin;rgs;gif;jpg;jpeg;jpe;resx;tiff;tif;png;wav;mfcribbon-ms</Extensions>
    </Filter>
  </ItemGroup>
  <ItemGroup>
    <None Include="ReadMe.txt" />
    <None Include="res\FudanParking.rc2">
      <Filter>资源文件</Filter>
    </None>
    <None Include="res\FudanParking.ico">
      <Filter>资源文件</Filter>
    </None>
  </ItemGroup>
  <ItemGroup>
    <ClInclude Include="FudanParking.h">
      <Filter>头文件</Filter>
    </ClInclude>
    <ClInclude Include="FudanParkingDlg.h">
      <Filter>头文件</Filter>
    </ClInclude>
    <ClInclude Include="stdafx.h">
      <Filter>头文件</Filter>
    </ClInclude>
    <ClInclude Include="targetver.h">
      <Filter>头文件</Filter>
    </ClInclude>
    <ClInclude Include="Resource.h">
      <Filter>头文件</Filter>
    </ClInclude>
    <ClInclude Include="CvvImage.h">
      <Filter>头文件</Filter>
    </ClInclude>
    <ClInclude Include="CalcHOG.h">
      <Filter>头文件</Filter>
    </ClInclude>
    <ClInclude Include="MqImageTL.h">
      <Filter>头文件</Filter>
    </ClInclude>
    <ClInclude Include="svm.h">
      <Filter>头文件</Filter>
    </ClInclude>
    <ClInclude Include="CarDetect.h">
      <Filter>头文件</Filter>
    </ClInclude>
    <ClInclude Include="ThreadBase.h">
      <Filter>头文件</Filter>
    </ClInclude>
    <ClInclude Include="MyThread.h">
      <Filter>头文件</Filter>
    </ClInclude>
    <ClInclude Include="ShareTypes.h">
      <Filter>头文件</Filter>
    </ClInclude>
    <ClInclude Include="VideoAcq.h">
      <Filter>头文件</Filter>
    </ClInclude>
    <ClInclude Include="VideoAcqRJ.h">
      <Filter>头文件</Filter>
    </ClInclude>
    <ClInclude Include="VideoRead.h">
      <Filter>头文件</Filter>
    </ClInclude>
    <ClInclude Include="DataBaseProc.h">
      <Filter>头文件</Filter>
    </ClInclude>
    <ClInclude Include="DBThread.h">
      <Filter>头文件</Filter>
    </ClInclude>
    <ClInclude Include="TQueue.h">
      <Filter>头文件</Filter>
    </ClInclude>
    <ClInclude Include="VideoAcqAxis.h">
      <Filter>头文件</Filter>
    </ClInclude>
    <ClInclude Include="VideoAcqAxisWrapper.h">
      <Filter>头文件</Filter>
    </ClInclude>
  </ItemGroup>
  <ItemGroup>
    <ClCompile Include="FudanParking.cpp">
      <Filter>源文件</Filter>
    </ClCompile>
    <ClCompile Include="FudanParkingDlg.cpp">
      <Filter>源文件</Filter>
    </ClCompile>
    <ClCompile Include="stdafx.cpp">
      <Filter>源文件</Filter>
    </ClCompile>
    <ClCompile Include="CvvImage.cpp">
      <Filter>源文件</Filter>
    </ClCompile>
    <ClCompile Include="CalcHOG.cpp">
      <Filter>源文件</Filter>
    </ClCompile>
    <ClCompile Include="MqImageTL.cpp">
      <Filter>源文件</Filter>
    </ClCompile>
    <ClCompile Include="svm.cpp">
      <Filter>源文件</Filter>
    </ClCompile>
    <ClCompile Include="CarDetect.cpp">
      <Filter>源文件</Filter>
    </ClCompile>
    <ClCompile Include="ThreadBase.cpp">
      <Filter>源文件</Filter>
    </ClCompile>
    <ClCompile Include="MyThread.cpp">
      <Filter>源文件</Filter>
    </ClCompile>
    <ClCompile Include="ShareTypes.cpp">
      <Filter>源文件</Filter>
    </ClCompile>
    <ClCompile Include="VideoAcq.cpp">
      <Filter>源文件</Filter>
    </ClCompile>
    <ClCompile Include="VideoAcqRJ.cpp">
      <Filter>源文件</Filter>
    </ClCompile>
    <ClCompile Include="VideoRead.cpp">
      <Filter>源文件</Filter>
    </ClCompile>
    <ClCompile Include="DataBaseProc.cpp">
      <Filter>源文件</Filter>
    </ClCompile>
    <ClCompile Include="DBThread.cpp">
      <Filter>源文件</Filter>
    </ClCompile>
    <ClCompile Include="VideoAcqAxis.cpp">
      <Filter>源文件</Filter>
    </ClCompile>
  </ItemGroup>
  <ItemGroup>
    <ResourceCompile Include="FudanParking.rc">
      <Filter>资源文件</Filter>
    </ResourceCompile>
  </ItemGroup>
</Project>